
Microsoft Visual Studio Solution File, Format Version 12.00
# Visual Studio 15
VisualStudioVersion = 15.0.27130.0
MinimumVisualStudioVersion = 10.0.40219.1
Project("{FAE04EC0-301F-11D3-BF4B-00C04F79EFBC}") = "ConnectionStringHelper", "ConnectionStringHelper\ConnectionStringHelper.csproj", "{C8FBD1AC-9605-4BE3-9429-9FE18F383A6E}"
EndProject
Project("{FAE04EC0-301F-11D3-BF4B-00C04F79EFBC}") = "ConnectionStringHelperTests", "ConnectionStringHelperTests\ConnectionStringHelperTests.csproj", "{265F0FF2-6A18-4C0A-B66B-FF273EE28D59}"
EndProject
Project("{2150E333-8FDC-42A3-9474-1A3956D46DE8}") = ".nuget", ".nuget", "{CE5985E0-A5CA-46F5-86AA-DEA4BE3D1E30}"
	ProjectSection(SolutionItems) = preProject
		.nuget\NugetMetadata.nuspec = .nuget\NugetMetadata.nuspec
	EndProjectSection
EndProject
Global
	GlobalSection(SolutionConfigurationPlatforms) = preSolution
		Debug|Any CPU = Debug|Any CPU
		Release|Any CPU = Release|Any CPU
	EndGlobalSection
	GlobalSection(ProjectConfigurationPlatforms) = postSolution
		{C8FBD1AC-9605-4BE3-9429-9FE18F383A6E}.Debug|Any CPU.ActiveCfg = Debug|Any CPU
		{C8FBD1AC-9605-4BE3-9429-9FE18F383A6E}.Debug|Any CPU.Build.0 = Debug|Any CPU
		{C8FBD1AC-9605-4BE3-9429-9FE18F383A6E}.Release|Any CPU.ActiveCfg = Release|Any CPU
		{C8FBD1AC-9605-4BE3-9429-9FE18F383A6E}.Release|Any CPU.Build.0 = Release|Any CPU
		{265F0FF2-6A18-4C0A-B66B-FF273EE28D59}.Debug|Any CPU.ActiveCfg = Debug|Any CPU
		{265F0FF2-6A18-4C0A-B66B-FF273EE28D59}.Debug|Any CPU.Build.0 = Debug|Any CPU
		{265F0FF2-6A18-4C0A-B66B-FF273EE28D59}.Release|Any CPU.ActiveCfg = Release|Any CPU
		{265F0FF2-6A18-4C0A-B66B-FF273EE28D59}.Release|Any CPU.Build.0 = Release|Any CPU
	EndGlobalSection
	GlobalSection(SolutionProperties) = preSolution
		HideSolutionNode = FALSE
	EndGlobalSection
	GlobalSection(ExtensibilityGlobals) = postSolution
		SolutionGuid = {968E21DB-AD0E-4FEB-A1E1-ECA2CF58BC19}
	EndGlobalSection
EndGlobal
